<?xml version="1.0" encoding="utf-8"?>
<Project ToolsVersion="Current" xmlns="http://schemas.microsoft.com/developer/msbuild/2003">
  <ItemGroup>
    <Filter Include="src">
      <UniqueIdentifier>{122e7a3b-fa40-4d1a-83eb-2cbdfe04d547}</UniqueIdentifier>
    </Filter>
    <Filter Include="include">
      <UniqueIdentifier>{b922fb87-e90e-4443-b93f-561cdf95e78b}</UniqueIdentifier>
    </Filter>
    <Filter Include="examples">
      <UniqueIdentifier>{6a10ace0-546c-4f40-947d-ea4ca956b873}</UniqueIdentifier>
    </Filter>
  </ItemGroup>
  <ItemGroup>
    <ClCompile Include="src\cunits42.c">
      <Filter>src</Filter>
    </ClCompile>
    <ClCompile Include="examples\tests.c">
      <Filter>examples</Filter>
    </ClCompile>
    <ClCompile Include="src\memcheck.c">
      <Filter>src</Filter>
    </ClCompile>
    <ClCompile Include="src\memcheck_api.c">
      <Filter>src</Filter>
    </ClCompile>
  </ItemGroup>
  <ItemGroup>
    <ClInclude Include="src\cunits42_internal.h">
      <Filter>src</Filter>
    </ClInclude>
    <ClInclude Include="include\cunits42.h">
      <Filter>include</Filter>
    </ClInclude>
    <ClInclude Include="src\memcheck_internal.h">
      <Filter>src</Filter>
    </ClInclude>
    <ClInclude Include="include\memcheck.h">
      <Filter>include</Filter>
    </ClInclude>
  </ItemGroup>
  <ItemGroup>
    <None Include="examples\Makefile">
      <Filter>examples</Filter>
    </None>
    <None Include="Makefile" />
  </ItemGroup>
</Project>